
Microsoft Visual Studio Solution File, Format Version 12.00
# Visual Studio 15
VisualStudioVersion = 15.0.26228.9
MinimumVisualStudioVersion = 10.0.40219.1
Project("{9A19103F-16F7-4668-BE54-9A1E7A4F7556}") = "Aiursoft.HSharp", "Aiursoft.HSharp\Aiursoft.HSharp.csproj", "{0076E485-2501-4847-BA49-3DDA9685D0AE}"
EndProject
Project("{9A19103F-16F7-4668-BE54-9A1E7A4F7556}") = "Aiursoft.HSharp.Example", "Aiursoft.HSharp.Example\Aiursoft.HSharp.Example.csproj", "{B65852AE-3150-4216-A6B9-EDCB8F580A19}"
EndProject
Global
	GlobalSection(SolutionConfigurationPlatforms) = preSolution
		Debug|Any CPU = Debug|Any CPU
		Release|Any CPU = Release|Any CPU
	EndGlobalSection
	GlobalSection(ProjectConfigurationPlatforms) = postSolution
		{0076E485-2501-4847-BA49-3DDA9685D0AE}.Debug|Any CPU.ActiveCfg = Debug|Any CPU
		{0076E485-2501-4847-BA49-3DDA9685D0AE}.Debug|Any CPU.Build.0 = Debug|Any CPU
		{0076E485-2501-4847-BA49-3DDA9685D0AE}.Release|Any CPU.ActiveCfg = Release|Any CPU
		{0076E485-2501-4847-BA49-3DDA9685D0AE}.Release|Any CPU.Build.0 = Release|Any CPU
		{B65852AE-3150-4216-A6B9-EDCB8F580A19}.Debug|Any CPU.ActiveCfg = Debug|Any CPU
		{B65852AE-3150-4216-A6B9-EDCB8F580A19}.Debug|Any CPU.Build.0 = Debug|Any CPU
		{B65852AE-3150-4216-A6B9-EDCB8F580A19}.Release|Any CPU.ActiveCfg = Release|Any CPU
		{B65852AE-3150-4216-A6B9-EDCB8F580A19}.Release|Any CPU.Build.0 = Release|Any CPU
	EndGlobalSection
	GlobalSection(SolutionProperties) = preSolution
		HideSolutionNode = FALSE
	EndGlobalSection
	GlobalSection(ExtensibilityGlobals) = postSolution
		SolutionGuid = {CD6BABDD-DEE5-4543-A2BB-FF4D19270252}
	EndGlobalSection
EndGlobal
