
Microsoft Visual Studio Solution File, Format Version 12.00
# Visual Studio Version 16
VisualStudioVersion = 16.0.30611.23
MinimumVisualStudioVersion = 10.0.40219.1
Project("{9A19103F-16F7-4668-BE54-9A1E7A4F7556}") = "Anduin.HSharp", "Anduin.HSharp\Anduin.HSharp.csproj", "{0076E485-2501-4847-BA49-3DDA9685D0AE}"
EndProject
Project("{9A19103F-16F7-4668-BE54-9A1E7A4F7556}") = "Anduin.HSharp.Tests", "Anduin.HSharp.Tests\Anduin.HSharp.Tests.csproj", "{1DEA597C-B96F-4F98-9864-78A02F8651DD}"
EndProject
Global
	GlobalSection(SolutionConfigurationPlatforms) = preSolution
		Debug|Any CPU = Debug|Any CPU
		Release|Any CPU = Release|Any CPU
	EndGlobalSection
	GlobalSection(ProjectConfigurationPlatforms) = postSolution
		{0076E485-2501-4847-BA49-3DDA9685D0AE}.Debug|Any CPU.ActiveCfg = Debug|Any CPU
		{0076E485-2501-4847-BA49-3DDA9685D0AE}.Debug|Any CPU.Build.0 = Debug|Any CPU
		{0076E485-2501-4847-BA49-3DDA9685D0AE}.Release|Any CPU.ActiveCfg = Release|Any CPU
		{0076E485-2501-4847-BA49-3DDA9685D0AE}.Release|Any CPU.Build.0 = Release|Any CPU
		{1DEA597C-B96F-4F98-9864-78A02F8651DD}.Debug|Any CPU.ActiveCfg = Debug|Any CPU
		{1DEA597C-B96F-4F98-9864-78A02F8651DD}.Debug|Any CPU.Build.0 = Debug|Any CPU
		{1DEA597C-B96F-4F98-9864-78A02F8651DD}.Release|Any CPU.ActiveCfg = Release|Any CPU
		{1DEA597C-B96F-4F98-9864-78A02F8651DD}.Release|Any CPU.Build.0 = Release|Any CPU
	EndGlobalSection
	GlobalSection(SolutionProperties) = preSolution
		HideSolutionNode = FALSE
	EndGlobalSection
	GlobalSection(ExtensibilityGlobals) = postSolution
		SolutionGuid = {CD6BABDD-DEE5-4543-A2BB-FF4D19270252}
	EndGlobalSection
EndGlobal
